PODS:
  - AFNetworking (3.2.1):
    - AFNetworking/NSURLSession (= 3.2.1)
    - AFNetworking/Reachability (= 3.2.1)
    - AFNetworking/Security (= 3.2.1)
    - AFNetworking/Serialization (= 3.2.1)
    - AFNetworking/UIKit (= 3.2.1)
  - AFNetworking/NSURLSession (3.2.1):
    - AFNetworking/Reachability
    - AFNetworking/Security
    - AFNetworking/Serialization
  - AFNetworking/Reachability (3.2.1)
  - AFNetworking/Security (3.2.1)
  - AFNetworking/Serialization (3.2.1)
  - AFNetworking/UIKit (3.2.1):
    - AFNetworking/NSURLSession
  - React (0.57.7):
    - React/Core (= 0.57.7)
  - React/ART (0.57.7):
    - React/Core
  - React/Core (0.57.7):
    - yoga (= 0.57.7.React)
  - React/DevSupport (0.57.7):
    - React/Core
    - React/RCTWebSocket
  - React/fishhook (0.57.7)
  - React/RCTActionSheet (0.57.7):
    - React/Core
  - React/RCTBlob (0.57.7):
    - React/Core
  - React/RCTGeolocation (0.57.7):
    - React/Core
  - React/RCTImage (0.57.7):
    - React/Core
    - React/RCTNetwork
  - React/RCTLinkingIOS (0.57.7):
    - React/Core
  - React/RCTNetwork (0.57.7):
    - React/Core
  - React/RCTPushNotification (0.57.7):
    - React/Core
  - React/RCTSettings (0.57.7):
    - React/Core
  - React/RCTText (0.57.7):
    - React/Core
  - React/RCTVibration (0.57.7):
    - React/Core
  - React/RCTWebSocket (0.57.7):
    - React/Core
    - React/fishhook
    - React/RCTBlob
  - ReactiveObjC (3.1.0)
  - RNDeviceInfo (0.21.5):
    - React
  - RNSVG (8.0.9):
    - React
  - RNVectorIcons (6.1.0):
    - React
  - SDWebImage (4.4.2):
    - SDWebImage/Core (= 4.4.2)
  - SDWebImage/Core (4.4.2)
  - yoga (0.57.7.React)

DEPENDENCIES:
  - AFNetworking
  - React/ART (from `../node_modules/react-native`)
  - React/Core (from `../node_modules/react-native`)
  - React/DevSupport (from `../node_modules/react-native`)
  - React/RCTActionSheet (from `../node_modules/react-native`)
  - React/RCTGeolocation (from `../node_modules/react-native`)
  - React/RCTImage (from `../node_modules/react-native`)
  - React/RCTLinkingIOS (from `../node_modules/react-native`)
  - React/RCTNetwork (from `../node_modules/react-native`)
  - React/RCTPushNotification (from `../node_modules/react-native`)
  - React/RCTSettings (from `../node_modules/react-native`)
  - React/RCTText (from `../node_modules/react-native`)
  - React/RCTVibration (from `../node_modules/react-native`)
  - React/RCTWebSocket (from `../node_modules/react-native`)
  - ReactiveObjC
  - RNDeviceInfo (from `../node_modules/react-native-device-info`)
  - RNSVG (from `../node_modules/react-native-svg`)
  - RNVectorIcons (from `../node_modules/react-native-vector-icons`)
  - SDWebImage
  - yoga (from `../node_modules/react-native/ReactCommon/yoga`)

SPEC REPOS:
  https://github.com/cocoapods/specs.git:
    - AFNetworking
    - ReactiveObjC
    - SDWebImage

EXTERNAL SOURCES:
  React:
    :path: "../node_modules/react-native"
  RNDeviceInfo:
    :path: "../node_modules/react-native-device-info"
  RNSVG:
    :path: "../node_modules/react-native-svg"
  RNVectorIcons:
    :path: "../node_modules/react-native-vector-icons"
  yoga:
    :path: "../node_modules/react-native/ReactCommon/yoga"

SPEC CHECKSUMS:
  AFNetworking: b6f891fdfaed196b46c7a83cf209e09697b94057
  React: 1fe0eb13d90b625d94c3b117c274dcfd2e760e11
  ReactiveObjC: 2a38ea15335de4119d8b17caf1db1484f61db902
  RNDeviceInfo: 568c5641057313b4912d08a7742ff0b2f753ed5c
  RNSVG: 6252323c0312735f0af5f58b5adf2965b6a9ffbf
  RNVectorIcons: 8c52e1e8da1153613fdef44748e865c25556cb9c
  SDWebImage: 624d6e296c69b244bcede364c72ae0430ac14681
  yoga: b1ce48b6cf950b98deae82838f5173ea7cf89e85

PODFILE CHECKSUM: b292967067dcf70a361ddd6e0b0212f66ddf26fb

COCOAPODS: 1.5.3
